dependencies:
- name: consul
  repository: https://helm.releases.hashicorp.com
  version: 0.42.0
- name: kafka
  repository: https://charts.bitnami.com/bitnami
  version: 17.2.3
digest: sha256:73e5681b06890510d41ac3349cf4550a94298ed1c2109307038e3acc834a93ba
generated: "2023-01-05T05:43:04.051361222-07:00"
